
Microsoft Visual Studio Solution File, Format Version 12.00
# Visual Studio Version 17
VisualStudioVersion = 17.2.32505.173
MinimumVisualStudioVersion = 10.0.40219.1
Project("{9A19103F-16F7-4668-BE54-9A1E7A4F7556}") = "CsharpVault", "CsharpVault\CsharpVault.csproj", "{1753387A-482D-4E00-9DBE-4CA892E463E1}"
EndProject
Project("{FAE04EC0-301F-11D3-BF4B-00C04F79EFBC}") = "CsharpVaultTest", "CsharpVaultTest\CsharpVaultTest.csproj", "{98B26F5F-BB90-4B22-AC21-DC24DFC8AC30}"
EndProject
Global
	GlobalSection(SolutionConfigurationPlatforms) = preSolution
		Debug|Any CPU = Debug|Any CPU
		Release|Any CPU = Release|Any CPU
	EndGlobalSection
	GlobalSection(ProjectConfigurationPlatforms) = postSolution
		{1753387A-482D-4E00-9DBE-4CA892E463E1}.Debug|Any CPU.ActiveCfg = Debug|Any CPU
		{1753387A-482D-4E00-9DBE-4CA892E463E1}.Debug|Any CPU.Build.0 = Debug|Any CPU
		{1753387A-482D-4E00-9DBE-4CA892E463E1}.Release|Any CPU.ActiveCfg = Release|Any CPU
		{1753387A-482D-4E00-9DBE-4CA892E463E1}.Release|Any CPU.Build.0 = Release|Any CPU
		{98B26F5F-BB90-4B22-AC21-DC24DFC8AC30}.Debug|Any CPU.ActiveCfg = Debug|Any CPU
		{98B26F5F-BB90-4B22-AC21-DC24DFC8AC30}.Debug|Any CPU.Build.0 = Debug|Any CPU
		{98B26F5F-BB90-4B22-AC21-DC24DFC8AC30}.Release|Any CPU.ActiveCfg = Release|Any CPU
		{98B26F5F-BB90-4B22-AC21-DC24DFC8AC30}.Release|Any CPU.Build.0 = Release|Any CPU
	EndGlobalSection
	GlobalSection(SolutionProperties) = preSolution
		HideSolutionNode = FALSE
	EndGlobalSection
	GlobalSection(ExtensibilityGlobals) = postSolution
		SolutionGuid = {E921BB23-0995-4650-9DB9-A5803042785D}
	EndGlobalSection
EndGlobal
